// !$*UTF8*$!
{
	archiveVersion = 1;
	classes = {
	};
	objectVersion = 46;
	objects = {

/* Begin PBXBuildFile section */
		7A0822B013CF2E9C00610205 /* UIKit.framework in Frameworks */ = {isa = PBXBuildFile; fileRef = 7A0822AF13CF2E9C00610205 /* UIKit.framework */; };
		7A0822B213CF2E9C00610205 /* Foundation.framework in Frameworks */ = {isa = PBXBuildFile; fileRef = 7A0822B113CF2E9C00610205 /* Foundation.framework */; };
		7A0822B413CF2E9C00610205 /* CoreGraphics.framework in Frameworks */ = {isa = PBXBuildFile; fileRef = 7A0822B313CF2E9C00610205 /* CoreGraphics.framework */; };
		7A0822B613CF2E9C00610205 /* CoreData.framework in Frameworks */ = {isa = PBXBuildFile; fileRef = 7A0822B513CF2E9C00610205 /* CoreData.framework */; };
		7A0822BC13CF2E9C00610205 /* InfoPlist.strings in Resources */ = {isa = PBXBuildFile; fileRef = 7A0822BA13CF2E9C00610205 /* InfoPlist.strings */; };
		7A0822BF13CF2E9C00610205 /* main.m in Sources */ = {isa = PBXBuildFile; fileRef = 7A0822BE13CF2E9C00610205 /* main.m */; };
		7A0822C213CF2E9C00610205 /* FilerAppDelegate.m in Sources */ = {isa = PBXBuildFile; fileRef = 7A0822C113CF2E9C00610205 /* FilerAppDelegate.m */; };
		7A0822C513CF2E9D00610205 /* MainWindow.xib in Resources */ = {isa = PBXBuildFile; fileRef = 7A0822C313CF2E9D00610205 /* MainWindow.xib */; };
		7A0822C813CF2E9D00610205 /* Filer.xcdatamodeld in Sources */ = {isa = PBXBuildFile; fileRef = 7A0822C613CF2E9D00610205 /* Filer.xcdatamodeld */; };
		7A0822CF13CF2E9D00610205 /* UIKit.framework in Frameworks */ = {isa = PBXBuildFile; fileRef = 7A0822AF13CF2E9C00610205 /* UIKit.framework */; };
		7A0822D013CF2E9D00610205 /* Foundation.framework in Frameworks */ = {isa = PBXBuildFile; fileRef = 7A0822B113CF2E9C00610205 /* Foundation.framework */; };
		7A0822D113CF2E9D00610205 /* CoreGraphics.framework in Frameworks */ = {isa = PBXBuildFile; fileRef = 7A0822B313CF2E9C00610205 /* CoreGraphics.framework */; };
		7A0822D213CF2E9D00610205 /* CoreData.framework in Frameworks */ = {isa = PBXBuildFile; fileRef = 7A0822B513CF2E9C00610205 /* CoreData.framework */; };
		7A0822DA13CF2E9D00610205 /* InfoPlist.strings in Resources */ = {isa = PBXBuildFile; fileRef = 7A0822D813CF2E9D00610205 /* InfoPlist.strings */; };
		7A0822DD13CF2E9D00610205 /* FilerTests.h in Resources */ = {isa = PBXBuildFile; fileRef = 7A0822DC13CF2E9D00610205 /* FilerTests.h */; };
		7A0822DF13CF2E9D00610205 /* FilerTests.m in Sources */ = {isa = PBXBuildFile; fileRef = 7A0822DE13CF2E9D00610205 /* FilerTests.m */; };
/* End PBXBuildFile section */

/* Begin PBXContainerItemProxy section */
		7A0822D313CF2E9D00610205 /* PBXContainerItemProxy */ = {
			isa = PBXContainerItemProxy;
			containerPortal = 7A0822A213CF2E9C00610205 /* Project object */;
			proxyType = 1;
			remoteGlobalIDString = 7A0822AA13CF2E9C00610205;
			remoteInfo = Filer;
		};
/* End PBXContainerItemProxy section */

/* Begin PBXFileReference section */
		7A0822AB13CF2E9C00610205 /* Filer.app */ = {isa = PBXFileReference; explicitFileType = wrapper.application; includeInIndex = 0; path = Filer.app; sourceTree = BUILT_PRODUCTS_DIR; };
		7A0822AF13CF2E9C00610205 /* UIKit.framework */ = {isa = PBXFileReference; lastKnownFileType = wrapper.framework; name = UIKit.framework; path = System/Library/Frameworks/UIKit.framework; sourceTree = SDKROOT; };
		7A0822B113CF2E9C00610205 /* Foundation.framework */ = {isa = PBXFileReference; lastKnownFileType = wrapper.framework; name = Foundation.framework; path = System/Library/Frameworks/Foundation.framework; sourceTree = SDKROOT; };
		7A0822B313CF2E9C00610205 /* CoreGraphics.framework */ = {isa = PBXFileReference; lastKnownFileType = wrapper.framework; name = CoreGraphics.framework; path = System/Library/Frameworks/CoreGraphics.framework; sourceTree = SDKROOT; };
		7A0822B513CF2E9C00610205 /* CoreData.framework */ = {isa = PBXFileReference; lastKnownFileType = wrapper.framework; name = CoreData.framework; path = System/Library/Frameworks/CoreData.framework; sourceTree = SDKROOT; };
		7A0822B913CF2E9C00610205 /* Filer-Info.plist */ = {isa = PBXFileReference; path = "Filer-Info.plist"; sourceTree = "<group>"; };
		7A0822BB13CF2E9C00610205 /* en */ = {isa = PBXFileReference; lastKnownFileType = text.plist.strings; name = en; path = en.lproj/InfoPlist.strings; sourceTree = "<group>"; };
		7A0822BD13CF2E9C00610205 /* Filer-Prefix.pch */ = {isa = PBXFileReference; path = "Filer-Prefix.pch"; sourceTree = "<group>"; };
		7A0822BE13CF2E9C00610205 /* main.m */ = {isa = PBXFileReference; lastKnownFileType = sourcecode.c.objc; path = main.m; sourceTree = "<group>"; };
		7A0822C013CF2E9C00610205 /* FilerAppDelegate.h */ = {isa = PBXFileReference; path = FilerAppDelegate.h; sourceTree = "<group>"; };
		7A0822C113CF2E9C00610205 /* FilerAppDelegate.m */ = {isa = PBXFileReference; lastKnownFileType = sourcecode.c.objc; path = FilerAppDelegate.m; sourceTree = "<group>"; };
		7A0822C413CF2E9D00610205 /* en */ = {isa = PBXFileReference; lastKnownFileType = file.xib; name = en; path = en.lproj/MainWindow.xib; sourceTree = "<group>"; };
		7A0822C713CF2E9D00610205 /* Filer.xcdatamodel */ = {isa = PBXFileReference; lastKnownFileType = wrapper.xcdatamodel; path = Filer.xcdatamodel; sourceTree = "<group>"; };
		7A0822CE13CF2E9D00610205 /* FilerTests.octest */ = {isa = PBXFileReference; explicitFileType = wrapper.cfbundle; includeInIndex = 0; path = FilerTests.octest; sourceTree = BUILT_PRODUCTS_DIR; };
		7A0822D713CF2E9D00610205 /* FilerTests-Info.plist */ = {isa = PBXFileReference; path = "FilerTests-Info.plist"; sourceTree = "<group>"; };
		7A0822D913CF2E9D00610205 /* en */ = {isa = PBXFileReference; lastKnownFileType = text.plist.strings; name = en; path = en.lproj/InfoPlist.strings; sourceTree = "<group>"; };
		7A0822DB13CF2E9D00610205 /* FilerTests-Prefix.pch */ = {isa = PBXFileReference; path = "FilerTests-Prefix.pch"; sourceTree = "<group>"; };
		7A0822DC13CF2E9D00610205 /* FilerTests.h */ = {isa = PBXFileReference; lastKnownFileType = sourcecode.c.h; path = FilerTests.h; sourceTree = "<group>"; };
		7A0822DE13CF2E9D00610205 /* FilerTests.m */ = {isa = PBXFileReference; lastKnownFileType = sourcecode.c.objc; path = FilerTests.m; sourceTree = "<group>"; };
/* End PBXFileReference section */

/* Begin PBXFrameworksBuildPhase section */
		7A0822A813CF2E9C00610205 /* Frameworks */ = {
			isa = PBXFrameworksBuildPhase;
			buildActionMask = 2147483647;
			files = (
				7A0822B013CF2E9C00610205 /* UIKit.framework in Frameworks */,
				7A0822B213CF2E9C00610205 /* Foundation.framework in Frameworks */,
				7A0822B413CF2E9C00610205 /* CoreGraphics.framework in Frameworks */,
				7A0822B613CF2E9C00610205 /* CoreData.framework in Frameworks */,
			);
			runOnlyForDeploymentPostprocessing = 0;
		};
		7A0822CA13CF2E9D00610205 /* Frameworks */ = {
			isa = PBXFrameworksBuildPhase;
			buildActionMask = 2147483647;
			files = (
				7A0822CF13CF2E9D00610205 /* UIKit.framework in Frameworks */,
				7A0822D013CF2E9D00610205 /* Foundation.framework in Frameworks */,
				7A0822D113CF2E9D00610205 /* CoreGraphics.framework in Frameworks */,
				7A0822D213CF2E9D00610205 /* CoreData.framework in Frameworks */,
			);
			runOnlyForDeploymentPostprocessing = 0;
		};
/* End PBXFrameworksBuildPhase section */

/* Begin PBXGroup section */
		7A0822A013CF2E9C00610205 = {
			isa = PBXGroup;
			children = (
				7A0822B713CF2E9C00610205 /* Filer */,
				7A0822D513CF2E9D00610205 /* FilerTests */,
				7A0822AE13CF2E9C00610205 /* Frameworks */,
				7A0822AC13CF2E9C00610205 /* Products */,
			);
			sourceTree = "<group>";
		};
		7A0822AC13CF2E9C00610205 /* Products */ = {
			isa = PBXGroup;
			children = (
				7A0822AB13CF2E9C00610205 /* Filer.app */,
				7A0822CE13CF2E9D00610205 /* FilerTests.octest */,
			);
			name = Products;
			sourceTree = "<group>";
		};
		7A0822AE13CF2E9C00610205 /* Frameworks */ = {
			isa = PBXGroup;
			children = (
				7A0822AF13CF2E9C00610205 /* UIKit.framework */,
				7A0822B113CF2E9C00610205 /* Foundation.framework */,
				7A0822B313CF2E9C00610205 /* CoreGraphics.framework */,
				7A0822B513CF2E9C00610205 /* CoreData.framework */,
			);
			name = Frameworks;
			sourceTree = "<group>";
		};
		7A0822B713CF2E9C00610205 /* Filer */ = {
			isa = PBXGroup;
			children = (
				7A0822C013CF2E9C00610205 /* FilerAppDelegate.h */,
				7A0822C113CF2E9C00610205 /* FilerAppDelegate.m */,
				7A0822C313CF2E9D00610205 /* MainWindow.xib */,
				7A0822C613CF2E9D00610205 /* Filer.xcdatamodeld */,
				7A0822B813CF2E9C00610205 /* Supporting Files */,
			);
			path = Filer;
			sourceTree = "<group>";
		};
		7A0822B813CF2E9C00610205 /* Supporting Files */ = {
			isa = PBXGroup;
			children = (
				7A0822B913CF2E9C00610205 /* Filer-Info.plist */,
				7A0822BA13CF2E9C00610205 /* InfoPlist.strings */,
				7A0822BD13CF2E9C00610205 /* Filer-Prefix.pch */,
				7A0822BE13CF2E9C00610205 /* main.m */,
			);
			name = "Supporting Files";
			sourceTree = "<group>";
		};
		7A0822D513CF2E9D00610205 /* FilerTests */ = {
			isa = PBXGroup;
			children = (
				7A0822DC13CF2E9D00610205 /* FilerTests.h */,
				7A0822DE13CF2E9D00610205 /* FilerTests.m */,
				7A0822D613CF2E9D00610205 /* Supporting Files */,
			);
			path = FilerTests;
			sourceTree = "<group>";
		};
		7A0822D613CF2E9D00610205 /* Supporting Files */ = {
			isa = PBXGroup;
			children = (
				7A0822D713CF2E9D00610205 /* FilerTests-Info.plist */,
				7A0822D813CF2E9D00610205 /* InfoPlist.strings */,
				7A0822DB13CF2E9D00610205 /* FilerTests-Prefix.pch */,
			);
			name = "Supporting Files";
			sourceTree = "<group>";
		};
/* End PBXGroup section */

/* Begin PBXNativeTarget section */
		7A0822AA13CF2E9C00610205 /* Filer */ = {
			isa = PBXNativeTarget;
			buildConfigurationList = 7A0822E213CF2E9D00610205 /* Build configuration list for PBXNativeTarget "Filer" */;
			buildPhases = (
				7A0822A713CF2E9C00610205 /* Sources */,
				7A0822A813CF2E9C00610205 /* Frameworks */,
				7A0822A913CF2E9C00610205 /* Resources */,
			);
			buildRules = (
			);
			dependencies = (
			);
			name = Filer;
			productName = Filer;
			productReference = 7A0822AB13CF2E9C00610205 /* Filer.app */;
			productType = "com.apple.product-type.application";
		};
		7A0822CD13CF2E9D00610205 /* FilerTests */ = {
			isa = PBXNativeTarget;
			buildConfigurationList = 7A0822E513CF2E9D00610205 /* Build configuration list for PBXNativeTarget "FilerTests" */;
			buildPhases = (
				7A0822C913CF2E9D00610205 /* Sources */,
				7A0822CA13CF2E9D00610205 /* Frameworks */,
				7A0822CB13CF2E9D00610205 /* Resources */,
				7A0822CC13CF2E9D00610205 /* ShellScript */,
			);
			buildRules = (
			);
			dependencies = (
				7A0822D413CF2E9D00610205 /* PBXTargetDependency */,
			);
			name = FilerTests;
			productName = FilerTests;
			productReference = 7A0822CE13CF2E9D00610205 /* FilerTests.octest */;
			productType = "com.apple.product-type.bundle";
		};
/* End PBXNativeTarget section */

/* Begin PBXProject section */
		7A0822A213CF2E9C00610205 /* Project object */ = {
			isa = PBXProject;
			attributes = {
				ORGANIZATIONNAME = "nagoya-bunri";
			};
			buildConfigurationList = 7A0822A513CF2E9C00610205 /* Build configuration list for PBXProject "Filer" */;
			compatibilityVersion = "Xcode 3.2";
			developmentRegion = English;
			hasScannedForEncodings = 0;
			knownRegions = (
				en,
			);
			mainGroup = 7A0822A013CF2E9C00610205;
			productRefGroup = 7A0822AC13CF2E9C00610205 /* Products */;
			projectDirPath = "";
			projectRoot = "";
			targets = (
				7A0822AA13CF2E9C00610205 /* Filer */,
				7A0822CD13CF2E9D00610205 /* FilerTests */,
			);
		};
/* End PBXProject section */

/* Begin PBXResourcesBuildPhase section */
		7A0822A913CF2E9C00610205 /* Resources */ = {
			isa = PBXResourcesBuildPhase;
			buildActionMask = 2147483647;
			files = (
				7A0822BC13CF2E9C00610205 /* InfoPlist.strings in Resources */,
				7A0822C513CF2E9D00610205 /* MainWindow.xib in Resources */,
			);
			runOnlyForDeploymentPostprocessing = 0;
		};
		7A0822CB13CF2E9D00610205 /* Resources */ = {
			isa = PBXResourcesBuildPhase;
			buildActionMask = 2147483647;
			files = (
				7A0822DA13CF2E9D00610205 /* InfoPlist.strings in Resources */,
				7A0822DD13CF2E9D00610205 /* FilerTests.h in Resources */,
			);
			runOnlyForDeploymentPostprocessing = 0;
		};
/* End PBXResourcesBuildPhase section */

/* Begin PBXShellScriptBuildPhase section */
		7A0822CC13CF2E9D00610205 /* ShellScript */ = {
			isa = PBXShellScriptBuildPhase;
			buildActionMask = 2147483647;
			files = (
			);
			inputPaths = (
			);
			outputPaths = (
			);
			runOnlyForDeploymentPostprocessing = 0;
			shellPath = /bin/sh;
			shellScript = "# Run the unit tests in this test bundle.\n\"${SYSTEM_DEVELOPER_DIR}/Tools/RunUnitTests\"\n";
		};
/* End PBXShellScriptBuildPhase section */

/* Begin PBXSourcesBuildPhase section */
		7A0822A713CF2E9C00610205 /* Sources */ = {
			isa = PBXSourcesBuildPhase;
			buildActionMask = 2147483647;
			files = (
				7A0822BF13CF2E9C00610205 /* main.m in Sources */,
				7A0822C213CF2E9C00610205 /* FilerAppDelegate.m in Sources */,
				7A0822C813CF2E9D00610205 /* Filer.xcdatamodeld in Sources */,
			);
			runOnlyForDeploymentPostprocessing = 0;
		};
		7A0822C913CF2E9D00610205 /* Sources */ = {
			isa = PBXSourcesBuildPhase;
			buildActionMask = 2147483647;
			files = (
				7A0822DF13CF2E9D00610205 /* FilerTests.m in Sources */,
			);
			runOnlyForDeploymentPostprocessing = 0;
		};
/* End PBXSourcesBuildPhase section */

/* Begin PBXTargetDependency section */
		7A0822D413CF2E9D00610205 /* PBXTargetDependency */ = {
			isa = PBXTargetDependency;
			target = 7A0822AA13CF2E9C00610205 /* Filer */;
			targetProxy = 7A0822D313CF2E9D00610205 /* PBXContainerItemProxy */;
		};
/* End PBXTargetDependency section */

/* Begin PBXVariantGroup section */
		7A0822BA13CF2E9C00610205 /* InfoPlist.strings */ = {
			isa = PBXVariantGroup;
			children = (
				7A0822BB13CF2E9C00610205 /* en */,
			);
			name = InfoPlist.strings;
			sourceTree = "<group>";
		};
		7A0822C313CF2E9D00610205 /* MainWindow.xib */ = {
			isa = PBXVariantGroup;
			children = (
				7A0822C413CF2E9D00610205 /* en */,
			);
			name = MainWindow.xib;
			sourceTree = "<group>";
		};
		7A0822D813CF2E9D00610205 /* InfoPlist.strings */ = {
			isa = PBXVariantGroup;
			children = (
				7A0822D913CF2E9D00610205 /* en */,
			);
			name = InfoPlist.strings;
			sourceTree = "<group>";
		};
/* End PBXVariantGroup section */

/* Begin XCBuildConfiguration section */
		7A0822E013CF2E9D00610205 /* Debug */ = {
			isa = XCBuildConfiguration;
			buildSettings = {
				ARCHS = "$(ARCHS_STANDARD_32_BIT)";
				"CODE_SIGN_IDENTITY[sdk=iphoneos*]" = "iPhone Developer";
				GCC_C_LANGUAGE_STANDARD = gnu99;
				GCC_OPTIMIZATION_LEVEL = 0;
				GCC_PREPROCESSOR_DEFINITIONS = DEBUG;
				GCC_SYMBOLS_PRIVATE_EXTERN = NO;
				GCC_VERSION = com.apple.compilers.llvmgcc42;
				GCC_WARN_ABOUT_RETURN_TYPE = YES;
				GCC_WARN_UNUSED_VARIABLE = YES;
				IPHONEOS_DEPLOYMENT_TARGET = 4.3;
				SDKROOT = iphoneos;
			};
			name = Debug;
		};
		7A0822E113CF2E9D00610205 /* Release */ = {
			isa = XCBuildConfiguration;
			buildSettings = {
				ARCHS = "$(ARCHS_STANDARD_32_BIT)";
				"CODE_SIGN_IDENTITY[sdk=iphoneos*]" = "iPhone Developer";
				GCC_C_LANGUAGE_STANDARD = gnu99;
				GCC_VERSION = com.apple.compilers.llvmgcc42;
				GCC_WARN_ABOUT_RETURN_TYPE = YES;
				GCC_WARN_UNUSED_VARIABLE = YES;
				IPHONEOS_DEPLOYMENT_TARGET = 4.3;
				OTHER_CFLAGS = "-DNS_BLOCK_ASSERTIONS=1";
				SDKROOT = iphoneos;
			};
			name = Release;
		};
		7A0822E313CF2E9D00610205 /* Debug */ = {
			isa = XCBuildConfiguration;
			buildSettings = {
				ALWAYS_SEARCH_USER_PATHS = NO;
				COPY_PHASE_STRIP = NO;
				GCC_DYNAMIC_NO_PIC = NO;
				GCC_PRECOMPILE_PREFIX_HEADER = YES;
				GCC_PREFIX_HEADER = "Filer/Filer-Prefix.pch";
				INFOPLIST_FILE = "Filer/Filer-Info.plist";
				PRODUCT_NAME = "$(TARGET_NAME)";
				WRAPPER_EXTENSION = app;
			};
			name = Debug;
		};
		7A0822E413CF2E9D00610205 /* Release */ = {
			isa = XCBuildConfiguration;
			buildSettings = {
				ALWAYS_SEARCH_USER_PATHS = NO;
				COPY_PHASE_STRIP = YES;
				GCC_PRECOMPILE_PREFIX_HEADER = YES;
				GCC_PREFIX_HEADER = "Filer/Filer-Prefix.pch";
				INFOPLIST_FILE = "Filer/Filer-Info.plist";
				PRODUCT_NAME = "$(TARGET_NAME)";
				VALIDATE_PRODUCT = YES;
				WRAPPER_EXTENSION = app;
			};
			name = Release;
		};
		7A0822E613CF2E9D00610205 /* Debug */ = {
			isa = XCBuildConfiguration;
			buildSettings = {
				ALWAYS_SEARCH_USER_PATHS = NO;
				BUNDLE_LOADER = "$(BUILT_PRODUCTS_DIR)/Filer.app/Filer";
				FRAMEWORK_SEARCH_PATHS = (
					"$(SDKROOT)/Developer/Library/Frameworks",
					"$(DEVELOPER_LIBRARY_DIR)/Frameworks",
				);
				GCC_PRECOMPILE_PREFIX_HEADER = YES;
				GCC_PREFIX_HEADER = "FilerTests/FilerTests-Prefix.pch";
				INFOPLIST_FILE = "FilerTests/FilerTests-Info.plist";
				OTHER_LDFLAGS = (
					"-framework",
					SenTestingKit,
				);
				PRODUCT_NAME = "$(TARGET_NAME)";
				TEST_HOST = "$(BUNDLE_LOADER)";
				WRAPPER_EXTENSION = octest;
			};
			name = Debug;
		};
		7A0822E713CF2E9D00610205 /* Release */ = {
			isa = XCBuildConfiguration;
			buildSettings = {
				ALWAYS_SEARCH_USER_PATHS = NO;
				BUNDLE_LOADER = "$(BUILT_PRODUCTS_DIR)/Filer.app/Filer";
				FRAMEWORK_SEARCH_PATHS = (
					"$(SDKROOT)/Developer/Library/Frameworks",
					"$(DEVELOPER_LIBRARY_DIR)/Frameworks",
				);
				GCC_PRECOMPILE_PREFIX_HEADER = YES;
				GCC_PREFIX_HEADER = "FilerTests/FilerTests-Prefix.pch";
				INFOPLIST_FILE = "FilerTests/FilerTests-Info.plist";
				OTHER_LDFLAGS = (
					"-framework",
					SenTestingKit,
				);
				PRODUCT_NAME = "$(TARGET_NAME)";
				TEST_HOST = "$(BUNDLE_LOADER)";
				WRAPPER_EXTENSION = octest;
			};
			name = Release;
		};
/* End XCBuildConfiguration section */

/* Begin XCConfigurationList section */
		7A0822A513CF2E9C00610205 /* Build configuration list for PBXProject "Filer" */ = {
			isa = XCConfigurationList;
			buildConfigurations = (
				7A0822E013CF2E9D00610205 /* Debug */,
				7A0822E113CF2E9D00610205 /* Release */,
			);
			defaultConfigurationIsVisible = 0;
			defaultConfigurationName = Release;
		};
		7A0822E213CF2E9D00610205 /* Build configuration list for PBXNativeTarget "Filer" */ = {
			isa = XCConfigurationList;
			buildConfigurations = (
				7A0822E313CF2E9D00610205 /* Debug */,
				7A0822E413CF2E9D00610205 /* Release */,
			);
			defaultConfigurationIsVisible = 0;
		};
		7A0822E513CF2E9D00610205 /* Build configuration list for PBXNativeTarget "FilerTests" */ = {
			isa = XCConfigurationList;
			buildConfigurations = (
				7A0822E613CF2E9D00610205 /* Debug */,
				7A0822E713CF2E9D00610205 /* Release */,
			);
			defaultConfigurationIsVisible = 0;
		};
/* End XCConfigurationList section */

/* Begin XCVersionGroup section */
		7A0822C613CF2E9D00610205 /* Filer.xcdatamodeld */ = {
			isa = XCVersionGroup;
			children = (
				7A0822C713CF2E9D00610205 /* Filer.xcdatamodel */,
			);
			currentVersion = 7A0822C713CF2E9D00610205 /* Filer.xcdatamodel */;
			path = Filer.xcdatamodeld;
			sourceTree = "<group>";
			versionGroupType = wrapper.xcdatamodel;
		};
/* End XCVersionGroup section */
	};
	rootObject = 7A0822A213CF2E9C00610205 /* Project object */;
}
